{
    "_meta": {
        "hash": {
            "sha256": "53f65eac2b35072e476cd272016c84bfb28491338d895b9e4fa7b67ad22ab811"
        },
        "pipfile-spec": 6,
        "requires": {
            "python_version": "3.9"
        },
        "sources": [
            {
                "name": "pypi",
                "url": "https://pypi.org/simple",
                "verify_ssl": true
            }
        ]
    },
    "default": {
        "certifi": {
            "hashes": [
                "sha256:2bbf76fd432960138b3ef6dda3dde0544f27cbf8546c458e60baf371917ba9ee",
                "sha256:50b1e4f8446b06f41be7dd6338db18e0990601dce795c2b1686458aa7e8fa7d8"
            ],
            "version": "==2021.5.30"
        },
        "chardet": {
            "hashes": [
                "sha256:0d6f53a15db4120f2b08c94f11e7d93d2c911ee118b6b30a04ec3ee8310179fa",
                "sha256:f864054d66fd9118f2e67044ac8981a54775ec5b67aed0441892edb553d21da5"
            ],
            "version": "==4.0.0"
        },
        "colourlib": {
            "hashes": [
                "sha256:1a3437f6607d70ac07b64b605a389cad807e5558896a3080eb454694076d33b9",
                "sha256:85784feb563b0c22f88bb3a75f4aa8718060bec3ce1a6f32922a8d59ba58b650"
            ],
            "index": "pypi",
            "version": "==0.4.3"
        },
        "idna": {
            "hashes": [
                "sha256:b307872f855b18632ce0c21c5e45be78c0ea7ae4c15c828c20788b26921eb3f6",
                "sha256:b97d804b1e9b523befed77c48dacec60e6dcb0b5391d57af6a65a312a90648c0"
            ],
            "version": "==2.10"
        },
        "numpy": {
            "hashes": [
                "sha256:1676b0a292dd3c99e49305a16d7a9f42a4ab60ec522eac0d3dd20cdf362ac010",
                "sha256:16f221035e8bd19b9dc9a57159e38d2dd060b48e93e1d843c49cb370b0f415fd",
                "sha256:43909c8bb289c382170e0282158a38cf306a8ad2ff6dfadc447e90f9961bef43",
                "sha256:4e465afc3b96dbc80cf4a5273e5e2b1e3451286361b4af70ce1adb2984d392f9",
                "sha256:55b745fca0a5ab738647d0e4db099bd0a23279c32b31a783ad2ccea729e632df",
                "sha256:5d050e1e4bc9ddb8656d7b4f414557720ddcca23a5b88dd7cff65e847864c400",
                "sha256:637d827248f447e63585ca3f4a7d2dfaa882e094df6cfa177cc9cf9cd6cdf6d2",
                "sha256:6690080810f77485667bfbff4f69d717c3be25e5b11bb2073e76bb3f578d99b4",
                "sha256:66fbc6fed94a13b9801fb70b96ff30605ab0a123e775a5e7a26938b717c5d71a",
                "sha256:67d44acb72c31a97a3d5d33d103ab06d8ac20770e1c5ad81bdb3f0c086a56cf6",
                "sha256:6ca2b85a5997dabc38301a22ee43c82adcb53ff660b89ee88dded6b33687e1d8",
                "sha256:6e51534e78d14b4a009a062641f465cfaba4fdcb046c3ac0b1f61dd97c861b1b",
                "sha256:70eb5808127284c4e5c9e836208e09d685a7978b6a216db85960b1a112eeace8",
                "sha256:830b044f4e64a76ba71448fce6e604c0fc47a0e54d8f6467be23749ac2cbd2fb",
                "sha256:8b7bb4b9280da3b2856cb1fc425932f46fba609819ee1c62256f61799e6a51d2",
                "sha256:a9c65473ebc342715cb2d7926ff1e202c26376c0dcaaee85a1fd4b8d8c1d3b2f",
                "sha256:c1c09247ccea742525bdb5f4b5ceeacb34f95731647fe55774aa36557dbb5fa4",
                "sha256:c5bf0e132acf7557fc9bb8ded8b53bbbbea8892f3c9a1738205878ca9434206a",
                "sha256:db250fd3e90117e0312b611574cd1b3f78bec046783195075cbd7ba9c3d73f16",
                "sha256:e515c9a93aebe27166ec9593411c58494fa98e5fcc219e47260d9ab8a1cc7f9f",
                "sha256:e55185e51b18d788e49fe8305fd73ef4470596b33fc2c1ceb304566b99c71a69",
                "sha256:ea9cff01e75a956dbee133fa8e5b68f2f92175233de2f88de3a682dd94deda65",
                "sha256:f1452578d0516283c87608a5a5548b0cdde15b99650efdfd85182102ef7a7c17",
                "sha256:f39a995e47cb8649673cfa0579fbdd1cdd33ea497d1728a6cb194d6252268e48"
            ],
            "index": "pypi",
            "version": "==1.20.3"
        },
        "pygame": {
            "hashes": [
                "sha256:0571dde0277483f5060c8ee43cbfd8df5776b12505e3948eee241c8ce9b93371",
                "sha256:07ed57062be4bb9741f57dab1751d95574c091c9958ed7e39cdb246d50903283",
                "sha256:107d5f82f471baee4b9522a691cb320dd52dbf329ed7a0e9ab25f75cd3caf890",
                "sha256:10ca736eecedadf492ba1191f9fa3a5e6f30db2b9f8882b3ee7706d5a89c14e0",
                "sha256:19357c826ab94f9ae5b4ec5cb752cc806cfc29ea32cf7bdaacb65fa2615607e8",
                "sha256:21475405bcdeb20b8a796a3da6704ebb816e06b29749dd64ff619e80816b7932",
                "sha256:2d9b0a66034fed390ee367a549435853502c9d4fe82ac0fa3a520f0ad5648e6e",
                "sha256:30eb5c7adb0b3362024cec2c461be6978fbfc99c3bca974e438b1b540cd09438",
                "sha256:3270cbcff40ca2b5622a145346298a33285c91b6d50097e0b85123d9a2bc7c9b",
                "sha256:328d70d40bc9a6defb9f330f5e7f3d0726af1e7c2308ebca582e69480db2950d",
                "sha256:3b31d088129977885f72037c55cfa1140e9bcf3468e68b46141f6cc2b33d456b",
                "sha256:3c2676b4fd278d632037eacd3b0524ce1a592c048e8e5eb5830475f83585cb3a",
                "sha256:44f3ff8224d7cb998642400371c685005c8316b55e87794cbf1f6407b88ec424",
                "sha256:49c2f58559c1fbf4ba258e4b141578ccb0e83da3d4f823894f6171a8f0d594ed",
                "sha256:4d3135a1f8c76c3fff1ef8b7a51e4c6523748e9bdbd7bca6daa69790ce0e798a",
                "sha256:4f41252dfa1e8bb95f2ea51fba710827dde9820a535623d002a65621bafe7e3f",
                "sha256:5aeeb6659a7fe7760a78e449566553ae8c949ae29dd907a8eb4171fa0a274c16",
                "sha256:5afc34f0af0cec09a20b6bb09090054fac5169ab01909e01b06e7e0752ab0153",
                "sha256:5f057e5aa4c383fcf18560dcae2c5593e37e3fc941083a0a00a17f7cf25ee522",
                "sha256:72625dc949c6d08ba7ce7c37a33163bb498d90ca0d7e626db3cfbf486df4db1d",
                "sha256:7ea518d8eeb072c77c16977cdee3c59d9fffa750ed9c7c9c533ba520b6b08af7",
                "sha256:81510ffb1c31a3827c6be047b1926d81caf36dc734564ca0e14903d6bce60c6f",
                "sha256:845385caf99f8d941607791c60e560d24b4a35c70eef0b01c30cfde0b913ff92",
                "sha256:898874521a9be1f9dbc5b036a9755803287c2664e335afd3e10963f7f4ccb853",
                "sha256:8b1e7b63f47aafcdd8849933b206778747ef1802bd3d526aca45ed77141e4001",
                "sha256:9aead3f2eed90260136b201f398965900c5335c974bb7b47c381d98e39284018",
                "sha256:9de559462aaa68c40bb7625dcd587584b4eb85c4208528dc97b9ee7254945294",
                "sha256:9f48277de1daa83fd58a722b2e3423201b5eb39842227f32702fb78e4bba5a71",
                "sha256:9fd0691c4fe58b932674bb6a91d2808790e8269c3183ef16052f13e1c602ac00",
                "sha256:a4e35d89b6754941e82df1ce980a1c370943d3c076938d94ed1e48165dd6a11b",
                "sha256:ad230911d61f448c09886d3c92b2eae44ca7530babe9c48e74e02a0622ce2d34",
                "sha256:b812285d23b5644c643a6ae30553a772f935f47f61826660b108b8727936384b",
                "sha256:bf833c853a0568738ee5d88e1345c17bf3e8db626c36fb895327a35bb1827b0b",
                "sha256:c188ce4bf1544f2758e8b651f4349a0f3dc441e09d8ab7c4863db1ae8f084a32",
                "sha256:d8059084ce54b2c3d7b2c8bacd5f6490db849b2d2d6e7368c160b08504c87e73",
                "sha256:e72cdc97a49509ca2298350c2c3a0ac26bc8e943ce003a7d245df42e91439d5d",
                "sha256:eab18df58dcc8512f1b694f7218146828d7e3dd3f4e73bfd6942a11810293fd5",
                "sha256:ece424c83a575c2e0ba25815871458d3bbade46d76b7997236fb51a0251229ab",
                "sha256:ed80b40da839d60f4c03915bb3638e3c96ea8c30e689d0cc309b7597d82cc217",
                "sha256:fd5ee0f42d59a290c049f91894e0739f62c2908e7edc028ffb847a105e68bfc3",
                "sha256:fd6acd09d2a0fd3f616b18f977f399ed3dd95e2d6754f115837f026d19d62e10"
            ],
            "index": "pypi",
            "version": "==2.0.1"
        },
        "pygame-menu": {
            "hashes": [
                "sha256:3fc9c3c86c11be4a6fcfc2a2c9458a95968f9519ef9c7a13ffa9d8acc7321beb",
                "sha256:82231f6071827695369a8b2bee25b2a8f90fdb4cf511ec3010346582346f3aae"
            ],
            "index": "pypi",
            "version": "==4.0.6"
        },
        "pyperclip": {
            "hashes": [
                "sha256:105254a8b04934f0bc84e9c24eb360a591aaf6535c9def5f29d92af107a9bf57"
            ],
            "version": "==1.8.2"
        },
        "requests": {
            "hashes": [
                "sha256:27973dd4a904a4f13b263a19c866c13b92a39ed1c964655f025f3f8d3d75b804",
                "sha256:c210084e36a42ae6b9219e00e48287def368a26d03a048ddad7bfee44f75871e"
            ],
            "index": "pypi",
            "version": "==2.25.1"
        },
        "typing-extensions": {
            "hashes": [
                "sha256:0ac0f89795dd19de6b97debb0c6af1c70987fd80a2d62d1958f7e56fcc31b497",
                "sha256:50b6f157849174217d0656f99dc82fe932884fb250826c18350e159ec6cdf342",
                "sha256:779383f6086d90c99ae41cf0ff39aac8a7937a9283ce0a414e5dd782f4c94a84"
            ],
            "version": "==3.10.0.0"
        },
        "urllib3": {
            "hashes": [
                "sha256:753a0374df26658f99d826cfe40394a686d05985786d946fbe4165b5148f5a7c",
                "sha256:a7acd0977125325f516bda9735fa7142b909a8d01e8b2e4c8108d0984e6e0098"
            ],
            "index": "pypi",
            "version": "==1.26.5"
        }
    },
    "develop": {}
}
